
Microsoft Visual Studio Solution File, Format Version 12.00
# Visual Studio 14
VisualStudioVersion = 14.0.23107.0
MinimumVisualStudioVersion = 10.0.40219.1
Project("{FAE04EC0-301F-11D3-BF4B-00C04F79EFBC}") = "KeeWebHelper", "KeeWebHelper\KeeWebHelper.csproj", "{B2BD93BD-87D8-4070-9218-2C5AF47611B5}"
EndProject
Global
	GlobalSection(SolutionConfigurationPlatforms) = preSolution
		Debug|Any CPU = Debug|Any CPU
		Release|Any CPU = Release|Any CPU
	EndGlobalSection
	GlobalSection(ProjectConfigurationPlatforms) = postSolution
		{B2BD93BD-87D8-4070-9218-2C5AF47611B5}.Debug|Any CPU.ActiveCfg = Debug|Any CPU
		{B2BD93BD-87D8-4070-9218-2C5AF47611B5}.Debug|Any CPU.Build.0 = Debug|Any CPU
		{B2BD93BD-87D8-4070-9218-2C5AF47611B5}.Release|Any CPU.ActiveCfg = Release|Any CPU
		{B2BD93BD-87D8-4070-9218-2C5AF47611B5}.Release|Any CPU.Build.0 = Release|Any CPU
	EndGlobalSection
	GlobalSection(SolutionProperties) = preSolution
		HideSolutionNode = FALSE
	EndGlobalSection
EndGlobal
