{
  "name": "KeeWeb",
  "version": "1.14.3",
  "lockfileVersion": 1,
  "requires": true,
  "dependencies": {
    "@keeweb/keeweb-native-modules": {
      "version": "https://github.com/keeweb/keeweb-native-modules/releases/download/0.3.5/keeweb-native-modules.tgz",
      "integrity": "sha512-rTJqip7SFDVEGdrWtpFQ0hiSqxmjVl1rVPegFTvA9WhObkSqfj2ORbmS1+EmuCD7pzDCd+T4Q71sdSaLzuDPtw=="
    },
    "node-stream-zip": {
      "version": "1.4.2",
      "resolved": "https://registry.npmjs.org/node-stream-zip/-/node-stream-zip-1.4.2.tgz",
      "integrity": "sha512-9WbviH8qi0HgHmHbQleydUZToH3vNlN83CyOrhrwGaPzmBPH1SUYUkFyHjWl6GWMMODlM81qgycZEfWm267gKA=="
    }
  }
}
