{
  "name": "KeeWeb",
  "version": "1.5.6",
  "lockfileVersion": 1,
  "requires": true,
  "dependencies": {
    "node-stream-zip": {
      "version": "1.4.1",
      "resolved": "https://registry.npmjs.org/node-stream-zip/-/node-stream-zip-1.4.1.tgz",
      "integrity": "sha512-QYjWTLRNUqYwcHGu3JTcT8TF7PDX5P4SCISBzb3/t8Si4FVedVFagSm8GuOErZcxfg974DniSkr6Dg1XilTQmQ=="
    }
  }
}
